// !$*UTF8*$!
{
	archiveVersion = 1;
	classes = {
	};
	objectVersion = 46;
	objects = {

/* Begin PBXBuildFile section */
		9429D09C200F2C2B005D3ABE /* SDL2.framework in Frameworks */ = {isa = PBXBuildFile; fileRef = 9429D09B200F2C2B005D3ABE /* SDL2.framework */; };
		9429D09E200F2D0B005D3ABE /* Cocoa.framework in Frameworks */ = {isa = PBXBuildFile; fileRef = 9429D09D200F2D0B005D3ABE /* Cocoa.framework */; };
		9429D0A120104AFC005D3ABE /* hello_world.bmp in CopyFiles */ = {isa = PBXBuildFile; fileRef = 9429D0A020104AFC005D3ABE /* hello_world.bmp */; };
		946720061FCB7404004D5287 /* main.cpp in Sources */ = {isa = PBXBuildFile; fileRef = 946720051FCB7404004D5287 /* main.cpp */; };
/* End PBXBuildFile section */

/* Begin PBXCopyFilesBuildPhase section */
		946720001FCB7404004D5287 /* CopyFiles */ = {
			isa = PBXCopyFilesBuildPhase;
			buildActionMask = 12;
			dstPath = "";
			dstSubfolderSpec = 7;
			files = (
				9429D0A120104AFC005D3ABE /* hello_world.bmp in CopyFiles */,
			);
			runOnlyForDeploymentPostprocessing = 0;
		};
/* End PBXCopyFilesBuildPhase section */

/* Begin PBXFileReference section */
		9429D09B200F2C2B005D3ABE /* SDL2.framework */ = {isa = PBXFileReference; lastKnownFileType = wrapper.framework; name = SDL2.framework; path = ../../../../../Library/Frameworks/SDL2.framework; sourceTree = "<group>"; };
		9429D09D200F2D0B005D3ABE /* Cocoa.framework */ = {isa = PBXFileReference; lastKnownFileType = wrapper.framework; name = Cocoa.framework; path = System/Library/Frameworks/Cocoa.framework; sourceTree = SDKROOT; };
		9429D0A020104AFC005D3ABE /* hello_world.bmp */ = {isa = PBXFileReference; lastKnownFileType = image.bmp; name = hello_world.bmp; path = resources/hello_world.bmp; sourceTree = "<group>"; };
		946720021FCB7404004D5287 /* MaxFoleyRender */ = {isa = PBXFileReference; explicitFileType = "compiled.mach-o.executable"; includeInIndex = 0; path = MaxFoleyRender; sourceTree = BUILT_PRODUCTS_DIR; };
		946720051FCB7404004D5287 /* main.cpp */ = {isa = PBXFileReference; lastKnownFileType = sourcecode.cpp.cpp; path = main.cpp; sourceTree = "<group>"; };
		9467200C1FCB7538004D5287 /* Ray.h */ = {isa = PBXFileReference; lastKnownFileType = sourcecode.c.h; path = Ray.h; sourceTree = "<group>"; };
		9467200D1FCB7BA4004D5287 /* Vector.h */ = {isa = PBXFileReference; lastKnownFileType = sourcecode.c.h; path = Vector.h; sourceTree = "<group>"; };
		9467200E1FCB9326004D5287 /* Color.h */ = {isa = PBXFileReference; lastKnownFileType = sourcecode.c.h; path = Color.h; sourceTree = "<group>"; };
		9467200F1FCB958D004D5287 /* Light.h */ = {isa = PBXFileReference; lastKnownFileType = sourcecode.c.h; path = Light.h; sourceTree = "<group>"; };
		946720101FCB98ED004D5287 /* Surfel.h */ = {isa = PBXFileReference; lastKnownFileType = sourcecode.c.h; path = Surfel.h; sourceTree = "<group>"; };
		946720111FCB9C16004D5287 /* Material.h */ = {isa = PBXFileReference; lastKnownFileType = sourcecode.c.h; path = Material.h; sourceTree = "<group>"; };
		946720121FCB9CBF004D5287 /* Camera.h */ = {isa = PBXFileReference; lastKnownFileType = sourcecode.c.h; path = Camera.h; sourceTree = "<group>"; };
/* End PBXFileReference section */

/* Begin PBXFrameworksBuildPhase section */
		94671FFF1FCB7404004D5287 /* Frameworks */ = {
			isa = PBXFrameworksBuildPhase;
			buildActionMask = 2147483647;
			files = (
				9429D09E200F2D0B005D3ABE /* Cocoa.framework in Frameworks */,
				9429D09C200F2C2B005D3ABE /* SDL2.framework in Frameworks */,
			);
			runOnlyForDeploymentPostprocessing = 0;
		};
/* End PBXFrameworksBuildPhase section */

/* Begin PBXGroup section */
		9429D09A200F2C2B005D3ABE /* Frameworks */ = {
			isa = PBXGroup;
			children = (
				9429D09D200F2D0B005D3ABE /* Cocoa.framework */,
				9429D09B200F2C2B005D3ABE /* SDL2.framework */,
			);
			name = Frameworks;
			sourceTree = "<group>";
		};
		94671FF91FCB7404004D5287 = {
			isa = PBXGroup;
			children = (
				9429D0A020104AFC005D3ABE /* hello_world.bmp */,
				946720121FCB9CBF004D5287 /* Camera.h */,
				946720101FCB98ED004D5287 /* Surfel.h */,
				946720111FCB9C16004D5287 /* Material.h */,
				9467200C1FCB7538004D5287 /* Ray.h */,
				9467200D1FCB7BA4004D5287 /* Vector.h */,
				9467200F1FCB958D004D5287 /* Light.h */,
				9467200E1FCB9326004D5287 /* Color.h */,
				946720041FCB7404004D5287 /* MaxFoleyRender */,
				946720031FCB7404004D5287 /* Products */,
				9429D09A200F2C2B005D3ABE /* Frameworks */,
			);
			sourceTree = "<group>";
		};
		946720031FCB7404004D5287 /* Products */ = {
			isa = PBXGroup;
			children = (
				946720021FCB7404004D5287 /* MaxFoleyRender */,
			);
			name = Products;
			sourceTree = "<group>";
		};
		946720041FCB7404004D5287 /* MaxFoleyRender */ = {
			isa = PBXGroup;
			children = (
				946720051FCB7404004D5287 /* main.cpp */,
			);
			path = MaxFoleyRender;
			sourceTree = "<group>";
		};
/* End PBXGroup section */

/* Begin PBXNativeTarget section */
		946720011FCB7404004D5287 /* MaxFoleyRender */ = {
			isa = PBXNativeTarget;
			buildConfigurationList = 946720091FCB7404004D5287 /* Build configuration list for PBXNativeTarget "MaxFoleyRender" */;
			buildPhases = (
				94671FFF1FCB7404004D5287 /* Frameworks */,
				94671FFE1FCB7404004D5287 /* Sources */,
				946720001FCB7404004D5287 /* CopyFiles */,
			);
			buildRules = (
			);
			dependencies = (
			);
			name = MaxFoleyRender;
			productName = MaxFoleyRender;
			productReference = 946720021FCB7404004D5287 /* MaxFoleyRender */;
			productType = "com.apple.product-type.tool";
		};
/* End PBXNativeTarget section */

/* Begin PBXProject section */
		94671FFA1FCB7404004D5287 /* Project object */ = {
			isa = PBXProject;
			attributes = {
				LastUpgradeCheck = 0830;
				ORGANIZATIONNAME = "Maxwell Foley";
				TargetAttributes = {
					946720011FCB7404004D5287 = {
						CreatedOnToolsVersion = 8.3.3;
						ProvisioningStyle = Automatic;
					};
				};
			};
			buildConfigurationList = 94671FFD1FCB7404004D5287 /* Build configuration list for PBXProject "MaxFoleyRender" */;
			compatibilityVersion = "Xcode 3.2";
			developmentRegion = English;
			hasScannedForEncodings = 0;
			knownRegions = (
				en,
			);
			mainGroup = 94671FF91FCB7404004D5287;
			productRefGroup = 946720031FCB7404004D5287 /* Products */;
			projectDirPath = "";
			projectRoot = "";
			targets = (
				946720011FCB7404004D5287 /* MaxFoleyRender */,
			);
		};
/* End PBXProject section */

/* Begin PBXSourcesBuildPhase section */
		94671FFE1FCB7404004D5287 /* Sources */ = {
			isa = PBXSourcesBuildPhase;
			buildActionMask = 2147483647;
			files = (
				946720061FCB7404004D5287 /* main.cpp in Sources */,
			);
			runOnlyForDeploymentPostprocessing = 0;
		};
/* End PBXSourcesBuildPhase section */

/* Begin XCBuildConfiguration section */
		946720071FCB7404004D5287 /* Debug */ = {
			isa = XCBuildConfiguration;
			buildSettings = {
				ALWAYS_SEARCH_USER_PATHS = NO;
				CLANG_ANALYZER_NONNULL = YES;
				CLANG_ANALYZER_NUMBER_OBJECT_CONVERSION = YES_AGGRESSIVE;
				CLANG_CXX_LANGUAGE_STANDARD = "gnu++0x";
				CLANG_CXX_LIBRARY = "libc++";
				CLANG_ENABLE_MODULES = YES;
				CLANG_ENABLE_OBJC_ARC = YES;
				CLANG_WARN_BOOL_CONVERSION = YES;
				CLANG_WARN_CONSTANT_CONVERSION = YES;
				CLANG_WARN_DIRECT_OBJC_ISA_USAGE = YES_ERROR;
				CLANG_WARN_DOCUMENTATION_COMMENTS = YES;
				CLANG_WARN_EMPTY_BODY = YES;
				CLANG_WARN_ENUM_CONVERSION = YES;
				CLANG_WARN_INFINITE_RECURSION = YES;
				CLANG_WARN_INT_CONVERSION = YES;
				CLANG_WARN_OBJC_ROOT_CLASS = YES_ERROR;
				CLANG_WARN_SUSPICIOUS_MOVE = YES;
				CLANG_WARN_UNREACHABLE_CODE = YES;
				CLANG_WARN__DUPLICATE_METHOD_MATCH = YES;
				CODE_SIGN_IDENTITY = "-";
				COPY_PHASE_STRIP = NO;
				DEBUG_INFORMATION_FORMAT = dwarf;
				ENABLE_STRICT_OBJC_MSGSEND = YES;
				ENABLE_TESTABILITY = YES;
				GCC_C_LANGUAGE_STANDARD = gnu99;
				GCC_DYNAMIC_NO_PIC = NO;
				GCC_NO_COMMON_BLOCKS = YES;
				GCC_OPTIMIZATION_LEVEL = 0;
				GCC_PREPROCESSOR_DEFINITIONS = (
					"DEBUG=1",
					"$(inherited)",
				);
				GCC_WARN_64_TO_32_BIT_CONVERSION = YES;
				GCC_WARN_ABOUT_RETURN_TYPE = YES_ERROR;
				GCC_WARN_UNDECLARED_SELECTOR = YES;
				GCC_WARN_UNINITIALIZED_AUTOS = YES_AGGRESSIVE;
				GCC_WARN_UNUSED_FUNCTION = YES;
				GCC_WARN_UNUSED_VARIABLE = YES;
				MACOSX_DEPLOYMENT_TARGET = 10.12;
				MTL_ENABLE_DEBUG_INFO = YES;
				ONLY_ACTIVE_ARCH = YES;
				SDKROOT = macosx;
			};
			name = Debug;
		};
		946720081FCB7404004D5287 /* Release */ = {
			isa = XCBuildConfiguration;
			buildSettings = {
				ALWAYS_SEARCH_USER_PATHS = NO;
				CLANG_ANALYZER_NONNULL = YES;
				CLANG_ANALYZER_NUMBER_OBJECT_CONVERSION = YES_AGGRESSIVE;
				CLANG_CXX_LANGUAGE_STANDARD = "gnu++0x";
				CLANG_CXX_LIBRARY = "libc++";
				CLANG_ENABLE_MODULES = YES;
				CLANG_ENABLE_OBJC_ARC = YES;
				CLANG_WARN_BOOL_CONVERSION = YES;
				CLANG_WARN_CONSTANT_CONVERSION = YES;
				CLANG_WARN_DIRECT_OBJC_ISA_USAGE = YES_ERROR;
				CLANG_WARN_DOCUMENTATION_COMMENTS = YES;
				CLANG_WARN_EMPTY_BODY = YES;
				CLANG_WARN_ENUM_CONVERSION = YES;
				CLANG_WARN_INFINITE_RECURSION = YES;
				CLANG_WARN_INT_CONVERSION = YES;
				CLANG_WARN_OBJC_ROOT_CLASS = YES_ERROR;
				CLANG_WARN_SUSPICIOUS_MOVE = YES;
				CLANG_WARN_UNREACHABLE_CODE = YES;
				CLANG_WARN__DUPLICATE_METHOD_MATCH = YES;
				CODE_SIGN_IDENTITY = "-";
				COPY_PHASE_STRIP = NO;
				DEBUG_INFORMATION_FORMAT = "dwarf-with-dsym";
				ENABLE_NS_ASSERTIONS = NO;
				ENABLE_STRICT_OBJC_MSGSEND = YES;
				GCC_C_LANGUAGE_STANDARD = gnu99;
				GCC_NO_COMMON_BLOCKS = YES;
				GCC_WARN_64_TO_32_BIT_CONVERSION = YES;
				GCC_WARN_ABOUT_RETURN_TYPE = YES_ERROR;
				GCC_WARN_UNDECLARED_SELECTOR = YES;
				GCC_WARN_UNINITIALIZED_AUTOS = YES_AGGRESSIVE;
				GCC_WARN_UNUSED_FUNCTION = YES;
				GCC_WARN_UNUSED_VARIABLE = YES;
				MACOSX_DEPLOYMENT_TARGET = 10.12;
				MTL_ENABLE_DEBUG_INFO = NO;
				SDKROOT = macosx;
			};
			name = Release;
		};
		9467200A1FCB7404004D5287 /* Debug */ = {
			isa = XCBuildConfiguration;
			buildSettings = {
				FRAMEWORK_SEARCH_PATHS = (
					"$(inherited)",
					"$(LOCAL_LIBRARY_DIR)/Frameworks",
				);
				HEADER_SEARCH_PATHS = /opt/local/include;
				LIBRARY_SEARCH_PATHS = /opt/local/lib;
				OTHER_LDFLAGS = "-larmadillo";
				PRODUCT_NAME = "$(TARGET_NAME)";
			};
			name = Debug;
		};
		9467200B1FCB7404004D5287 /* Release */ = {
			isa = XCBuildConfiguration;
			buildSettings = {
				FRAMEWORK_SEARCH_PATHS = (
					"$(inherited)",
					"$(LOCAL_LIBRARY_DIR)/Frameworks",
				);
				HEADER_SEARCH_PATHS = /opt/local/include;
				LIBRARY_SEARCH_PATHS = /opt/local/lib;
				OTHER_LDFLAGS = "-larmadillo";
				PRODUCT_NAME = "$(TARGET_NAME)";
			};
			name = Release;
		};
/* End XCBuildConfiguration section */

/* Begin XCConfigurationList section */
		94671FFD1FCB7404004D5287 /* Build configuration list for PBXProject "MaxFoleyRender" */ = {
			isa = XCConfigurationList;
			buildConfigurations = (
				946720071FCB7404004D5287 /* Debug */,
				946720081FCB7404004D5287 /* Release */,
			);
			defaultConfigurationIsVisible = 0;
			defaultConfigurationName = Release;
		};
		946720091FCB7404004D5287 /* Build configuration list for PBXNativeTarget "MaxFoleyRender" */ = {
			isa = XCConfigurationList;
			buildConfigurations = (
				9467200A1FCB7404004D5287 /* Debug */,
				9467200B1FCB7404004D5287 /* Release */,
			);
			defaultConfigurationIsVisible = 0;
			defaultConfigurationName = Release;
		};
/* End XCConfigurationList section */
	};
	rootObject = 94671FFA1FCB7404004D5287 /* Project object */;
}
